
Microsoft Visual Studio Solution File, Format Version 12.00
# Visual Studio Version 17
VisualStudioVersion = 17.11.35431.28
MinimumVisualStudioVersion = 10.0.40219.1
Project("{FAE04EC0-301F-11D3-BF4B-00C04F79EFBC}") = "CSharpIOHelper", "CSharpIOHelper.csproj", "{F8855D72-2B9B-467A-95F5-D01EA6DD414A}"
EndProject
Global
	GlobalSection(SolutionConfigurationPlatforms) = preSolution
		Debug|Any CPU = Debug|Any CPU
		Release|Any CPU = Release|Any CPU
	EndGlobalSection
	GlobalSection(ProjectConfigurationPlatforms) = postSolution
		{F8855D72-2B9B-467A-95F5-D01EA6DD414A}.Debug|Any CPU.ActiveCfg = Debug|Any CPU
		{F8855D72-2B9B-467A-95F5-D01EA6DD414A}.Debug|Any CPU.Build.0 = Debug|Any CPU
		{F8855D72-2B9B-467A-95F5-D01EA6DD414A}.Release|Any CPU.ActiveCfg = Release|Any CPU
		{F8855D72-2B9B-467A-95F5-D01EA6DD414A}.Release|Any CPU.Build.0 = Release|Any CPU
	EndGlobalSection
	GlobalSection(SolutionProperties) = preSolution
		HideSolutionNode = FALSE
	EndGlobalSection
	GlobalSection(ExtensibilityGlobals) = postSolution
		SolutionGuid = {6F2929FB-87EF-49CD-9C17-CF4543CED192}
	EndGlobalSection
EndGlobal
